// !$*UTF8*$!
{
	archiveVersion = 1;
	classes = {
	};
	objectVersion = 55;
	objects = {

/* Begin PBXBuildFile section */
		E917EB2028C8E0FA00F39E57 /* Contact.json in Resources */ = {isa = PBXBuildFile; fileRef = E917EB1F28C8E0FA00F39E57 /* Contact.json */; };
		E917EB2228C8E12300F39E57 /* NetworkHandlerTest.swift in Sources */ = {isa = PBXBuildFile; fileRef = E917EB2128C8E12300F39E57 /* NetworkHandlerTest.swift */; };
		E917EB2528C8E18B00F39E57 /* NetworkURLSessionMock.swift in Sources */ = {isa = PBXBuildFile; fileRef = E917EB2428C8E18B00F39E57 /* NetworkURLSessionMock.swift */; };
		E917EB2728C8E55300F39E57 /* Contact_invalid.json in Resources */ = {isa = PBXBuildFile; fileRef = E917EB2628C8E55300F39E57 /* Contact_invalid.json */; };
		E917EB2A28C8E90800F39E57 /* FileHandler.swift in Sources */ = {isa = PBXBuildFile; fileRef = E917EB2928C8E90800F39E57 /* FileHandler.swift */; };
		E91FF64628C3F153005981A4 /* RydeContactAppTests.swift in Sources */ = {isa = PBXBuildFile; fileRef = E91FF64528C3F153005981A4 /* RydeContactAppTests.swift */; };
		E91FF65028C3F153005981A4 /* RydeContactAppUITests.swift in Sources */ = {isa = PBXBuildFile; fileRef = E91FF64F28C3F153005981A4 /* RydeContactAppUITests.swift */; };
		E91FF65228C3F153005981A4 /* RydeContactAppUITestsLaunchTests.swift in Sources */ = {isa = PBXBuildFile; fileRef = E91FF65128C3F153005981A4 /* RydeContactAppUITestsLaunchTests.swift */; };
		E91FF67728C3F1DF005981A4 /* AppDelegate.swift in Sources */ = {isa = PBXBuildFile; fileRef = E91FF65F28C3F1DF005981A4 /* AppDelegate.swift */; };
		E91FF67828C3F1DF005981A4 /* SceneDelegate.swift in Sources */ = {isa = PBXBuildFile; fileRef = E91FF66028C3F1DF005981A4 /* SceneDelegate.swift */; };
		E91FF67928C3F1DF005981A4 /* ViewController.swift in Sources */ = {isa = PBXBuildFile; fileRef = E91FF66728C3F1DF005981A4 /* ViewController.swift */; };
		E91FF67A28C3F1DF005981A4 /* RydeContactApp.xcdatamodeld in Sources */ = {isa = PBXBuildFile; fileRef = E91FF66F28C3F1DF005981A4 /* RydeContactApp.xcdatamodeld */; };
		E91FF67B28C3F1DF005981A4 /* Assets.xcassets in Resources */ = {isa = PBXBuildFile; fileRef = E91FF67228C3F1DF005981A4 /* Assets.xcassets */; };
		E91FF67C28C3F1DF005981A4 /* LaunchScreen.storyboard in Resources */ = {isa = PBXBuildFile; fileRef = E91FF67328C3F1DF005981A4 /* LaunchScreen.storyboard */; };
		E91FF67D28C3F1DF005981A4 /* Main.storyboard in Resources */ = {isa = PBXBuildFile; fileRef = E91FF67528C3F1DF005981A4 /* Main.storyboard */; };
		E91FF67F28C3F279005981A4 /* HomeRouter.swift in Sources */ = {isa = PBXBuildFile; fileRef = E91FF67E28C3F279005981A4 /* HomeRouter.swift */; };
		E91FF68128C3F28A005981A4 /* HomeInteractor.swift in Sources */ = {isa = PBXBuildFile; fileRef = E91FF68028C3F28A005981A4 /* HomeInteractor.swift */; };
		E91FF68328C3F29F005981A4 /* HomeProtocol.swift in Sources */ = {isa = PBXBuildFile; fileRef = E91FF68228C3F29F005981A4 /* HomeProtocol.swift */; };
		E91FF68528C3F2AB005981A4 /* HomePresenter.swift in Sources */ = {isa = PBXBuildFile; fileRef = E91FF68428C3F2AB005981A4 /* HomePresenter.swift */; };
		E91FF69728C3F331005981A4 /* BaseInteractorToPresenterProtocol.swift in Sources */ = {isa = PBXBuildFile; fileRef = E91FF69228C3F331005981A4 /* BaseInteractorToPresenterProtocol.swift */; };
		E91FF69828C3F331005981A4 /* BasePresenter.swift in Sources */ = {isa = PBXBuildFile; fileRef = E91FF69328C3F331005981A4 /* BasePresenter.swift */; };
		E91FF69928C3F331005981A4 /* BaseRouter.swift in Sources */ = {isa = PBXBuildFile; fileRef = E91FF69428C3F331005981A4 /* BaseRouter.swift */; };
		E91FF69A28C3F331005981A4 /* BaseInteractorProtocol.swift in Sources */ = {isa = PBXBuildFile; fileRef = E91FF69528C3F331005981A4 /* BaseInteractorProtocol.swift */; };
		E91FF69B28C3F331005981A4 /* BaseViewProtocol.swift in Sources */ = {isa = PBXBuildFile; fileRef = E91FF69628C3F331005981A4 /* BaseViewProtocol.swift */; };
		E91FF6A028C40202005981A4 /* HomeTableViewCell.swift in Sources */ = {isa = PBXBuildFile; fileRef = E91FF69E28C40202005981A4 /* HomeTableViewCell.swift */; };
		E91FF6A128C40202005981A4 /* HomeTableViewCell.xib in Resources */ = {isa = PBXBuildFile; fileRef = E91FF69F28C40202005981A4 /* HomeTableViewCell.xib */; };
		E91FF6A428C4065B005981A4 /* NetworkHandler.swift in Sources */ = {isa = PBXBuildFile; fileRef = E91FF6A328C4065B005981A4 /* NetworkHandler.swift */; };
		E91FF6A728C40CAA005981A4 /* ContactList.swift in Sources */ = {isa = PBXBuildFile; fileRef = E91FF6A628C40CA9005981A4 /* ContactList.swift */; };
		E91FF6A928C40FDE005981A4 /* CoreDatahandler.swift in Sources */ = {isa = PBXBuildFile; fileRef = E91FF6A828C40FDE005981A4 /* CoreDatahandler.swift */; };
		E91FF6AC28C41548005981A4 /* Constants.swift in Sources */ = {isa = PBXBuildFile; fileRef = E91FF6AB28C41548005981A4 /* Constants.swift */; };
		E91FF6AF28C41C0F005981A4 /* SDWebImage in Frameworks */ = {isa = PBXBuildFile; productRef = E91FF6AE28C41C0F005981A4 /* SDWebImage */; };
		E91FF6B728C4201A005981A4 /* DetailViewController.swift in Sources */ = {isa = PBXBuildFile; fileRef = E91FF6B528C4201A005981A4 /* DetailViewController.swift */; };
		E91FF6B828C4201A005981A4 /* DetailViewController.xib in Resources */ = {isa = PBXBuildFile; fileRef = E91FF6B628C4201A005981A4 /* DetailViewController.xib */; };
		E91FF6BA28C42031005981A4 /* DetailViewRouter.swift in Sources */ = {isa = PBXBuildFile; fileRef = E91FF6B928C42031005981A4 /* DetailViewRouter.swift */; };
		E91FF6BC28C42047005981A4 /* DetailViewPresenter.swift in Sources */ = {isa = PBXBuildFile; fileRef = E91FF6BB28C42047005981A4 /* DetailViewPresenter.swift */; };
		E91FF6BE28C4205B005981A4 /* DetailViewInteractor.swift in Sources */ = {isa = PBXBuildFile; fileRef = E91FF6BD28C4205A005981A4 /* DetailViewInteractor.swift */; };
		E91FF6C128C42496005981A4 /* DetailProtocol.swift in Sources */ = {isa = PBXBuildFile; fileRef = E91FF6C028C42496005981A4 /* DetailProtocol.swift */; };
		E91FF6CE28C49A21005981A4 /* EditViewInteractor.swift in Sources */ = {isa = PBXBuildFile; fileRef = E91FF6C328C49A20005981A4 /* EditViewInteractor.swift */; };
		E91FF6CF28C49A21005981A4 /* EditProtocol.swift in Sources */ = {isa = PBXBuildFile; fileRef = E91FF6C628C49A21005981A4 /* EditProtocol.swift */; };
		E91FF6D028C49A21005981A4 /* EditViewPresenter.swift in Sources */ = {isa = PBXBuildFile; fileRef = E91FF6C828C49A21005981A4 /* EditViewPresenter.swift */; };
		E91FF6D328C49A21005981A4 /* EditViewRouter.swift in Sources */ = {isa = PBXBuildFile; fileRef = E91FF6CD28C49A21005981A4 /* EditViewRouter.swift */; };
		E91FF6D628C49AA0005981A4 /* EditViewController.swift in Sources */ = {isa = PBXBuildFile; fileRef = E91FF6D428C49AA0005981A4 /* EditViewController.swift */; };
		E91FF6D728C49AA0005981A4 /* EditViewController.xib in Resources */ = {isa = PBXBuildFile; fileRef = E91FF6D528C49AA0005981A4 /* EditViewController.xib */; };
		E91FF6D928C55E2E005981A4 /* EditResponse.swift in Sources */ = {isa = PBXBuildFile; fileRef = E91FF6D828C55E2D005981A4 /* EditResponse.swift */; };
		E9A0944028C62C7F00776F3A /* AddResponse.swift in Sources */ = {isa = PBXBuildFile; fileRef = E9A0943428C62C7F00776F3A /* AddResponse.swift */; };
		E9A0944128C62C7F00776F3A /* AddProtocol.swift in Sources */ = {isa = PBXBuildFile; fileRef = E9A0943628C62C7F00776F3A /* AddProtocol.swift */; };
		E9A0944228C62C7F00776F3A /* AddViewPresenter.swift in Sources */ = {isa = PBXBuildFile; fileRef = E9A0943828C62C7F00776F3A /* AddViewPresenter.swift */; };
		E9A0944328C62C7F00776F3A /* AddViewInteractor.swift in Sources */ = {isa = PBXBuildFile; fileRef = E9A0943A28C62C7F00776F3A /* AddViewInteractor.swift */; };
		E9A0944428C62C7F00776F3A /* AddViewRouter.swift in Sources */ = {isa = PBXBuildFile; fileRef = E9A0943C28C62C7F00776F3A /* AddViewRouter.swift */; };
		E9A0944528C62C7F00776F3A /* AddViewController.xib in Resources */ = {isa = PBXBuildFile; fileRef = E9A0943E28C62C7F00776F3A /* AddViewController.xib */; };
		E9A0944628C62C7F00776F3A /* AddViewController.swift in Sources */ = {isa = PBXBuildFile; fileRef = E9A0943F28C62C7F00776F3A /* AddViewController.swift */; };
		E9A0944828C63E4800776F3A /* HomeInteractorTest.swift in Sources */ = {isa = PBXBuildFile; fileRef = E9A0944728C63E4800776F3A /* HomeInteractorTest.swift */; };
		E9A0944A28C642B300776F3A /* DetailInteractorTest.swift in Sources */ = {isa = PBXBuildFile; fileRef = E9A0944928C642B300776F3A /* DetailInteractorTest.swift */; };
		E9A0944C28C6447800776F3A /* EditInteractorTest.swift in Sources */ = {isa = PBXBuildFile; fileRef = E9A0944B28C6447800776F3A /* EditInteractorTest.swift */; };
		E9A094B828C78DC900776F3A /* PKHUD in Frameworks */ = {isa = PBXBuildFile; productRef = E9A094B728C78DC900776F3A /* PKHUD */; };
		E9A094BA28C78EEC00776F3A /* AddInteractorTest.swift in Sources */ = {isa = PBXBuildFile; fileRef = E9A094B928C78EEC00776F3A /* AddInteractorTest.swift */; };
		E9EE9DB228C9036E0088B7CE /* MockEditResponse.json in Resources */ = {isa = PBXBuildFile; fileRef = E9EE9DB128C9036E0088B7CE /* MockEditResponse.json */; };
/* End PBXBuildFile section */

/* Begin PBXContainerItemProxy section */
		E91FF64228C3F153005981A4 /* PBXContainerItemProxy */ = {
			isa = PBXContainerItemProxy;
			containerPortal = E91FF62028C3F14F005981A4 /* Project object */;
			proxyType = 1;
			remoteGlobalIDString = E91FF62728C3F14F005981A4;
			remoteInfo = RydeContactApp;
		};
		E91FF64C28C3F153005981A4 /* PBXContainerItemProxy */ = {
			isa = PBXContainerItemProxy;
			containerPortal = E91FF62028C3F14F005981A4 /* Project object */;
			proxyType = 1;
			remoteGlobalIDString = E91FF62728C3F14F005981A4;
			remoteInfo = RydeContactApp;
		};
/* End PBXContainerItemProxy section */

/* Begin PBXFileReference section */
		E917EB1F28C8E0FA00F39E57 /* Contact.json */ = {isa = PBXFileReference; fileEncoding = 4; lastKnownFileType = text.json; path = Contact.json; sourceTree = "<group>"; };
		E917EB2128C8E12300F39E57 /* NetworkHandlerTest.swift */ = {isa = PBXFileReference; lastKnownFileType = sourcecode.swift; path = NetworkHandlerTest.swift; sourceTree = "<group>"; };
		E917EB2428C8E18B00F39E57 /* NetworkURLSessionMock.swift */ = {isa = PBXFileReference; lastKnownFileType = sourcecode.swift; path = NetworkURLSessionMock.swift; sourceTree = "<group>"; };
		E917EB2628C8E55300F39E57 /* Contact_invalid.json */ = {isa = PBXFileReference; fileEncoding = 4; lastKnownFileType = text.json; path = Contact_invalid.json; sourceTree = "<group>"; };
		E917EB2928C8E90800F39E57 /* FileHandler.swift */ = {isa = PBXFileReference; lastKnownFileType = sourcecode.swift; path = FileHandler.swift; sourceTree = "<group>"; };
		E91FF62828C3F14F005981A4 /* RydeContactApp.app */ = {isa = PBXFileReference; explicitFileType = wrapper.application; includeInIndex = 0; path = RydeContactApp.app; sourceTree = BUILT_PRODUCTS_DIR; };
		E91FF63C28C3F153005981A4 /* Info.plist */ = {isa = PBXFileReference; lastKnownFileType = text.plist.xml; path = Info.plist; sourceTree = "<group>"; };
		E91FF64128C3F153005981A4 /* RydeContactAppTests.xctest */ = {isa = PBXFileReference; explicitFileType = wrapper.cfbundle; includeInIndex = 0; path = RydeContactAppTests.xctest; sourceTree = BUILT_PRODUCTS_DIR; };
		E91FF64528C3F153005981A4 /* RydeContactAppTests.swift */ = {isa = PBXFileReference; lastKnownFileType = sourcecode.swift; path = RydeContactAppTests.swift; sourceTree = "<group>"; };
		E91FF64B28C3F153005981A4 /* RydeContactAppUITests.xctest */ = {isa = PBXFileReference; explicitFileType = wrapper.cfbundle; includeInIndex = 0; path = RydeContactAppUITests.xctest; sourceTree = BUILT_PRODUCTS_DIR; };
		E91FF64F28C3F153005981A4 /* RydeContactAppUITests.swift */ = {isa = PBXFileReference; lastKnownFileType = sourcecode.swift; path = RydeContactAppUITests.swift; sourceTree = "<group>"; };
		E91FF65128C3F153005981A4 /* RydeContactAppUITestsLaunchTests.swift */ = {isa = PBXFileReference; lastKnownFileType = sourcecode.swift; path = RydeContactAppUITestsLaunchTests.swift; sourceTree = "<group>"; };
		E91FF65F28C3F1DF005981A4 /* AppDelegate.swift */ = {isa = PBXFileReference; fileEncoding = 4; lastKnownFileType = sourcecode.swift; path = AppDelegate.swift; sourceTree = "<group>"; };
		E91FF66028C3F1DF005981A4 /* SceneDelegate.swift */ = {isa = PBXFileReference; fileEncoding = 4; lastKnownFileType = sourcecode.swift; path = SceneDelegate.swift; sourceTree = "<group>"; };
		E91FF66728C3F1DF005981A4 /* ViewController.swift */ = {isa = PBXFileReference; fileEncoding = 4; lastKnownFileType = sourcecode.swift; path = ViewController.swift; sourceTree = "<group>"; };
		E91FF67028C3F1DF005981A4 /* RydeContactApp.xcdatamodel */ = {isa = PBXFileReference; lastKnownFileType = wrapper.xcdatamodel; path = RydeContactApp.xcdatamodel; sourceTree = "<group>"; };
		E91FF67228C3F1DF005981A4 /* Assets.xcassets */ = {isa = PBXFileReference; lastKnownFileType = folder.assetcatalog; path = Assets.xcassets; sourceTree = "<group>"; };
		E91FF67428C3F1DF005981A4 /* Base */ = {isa = PBXFileReference; lastKnownFileType = file.storyboard; name = Base; path = Base.lproj/LaunchScreen.storyboard; sourceTree = "<group>"; };
		E91FF67628C3F1DF005981A4 /* Base */ = {isa = PBXFileReference; lastKnownFileType = file.storyboard; name = Base; path = Base.lproj/Main.storyboard; sourceTree = "<group>"; };
		E91FF67E28C3F279005981A4 /* HomeRouter.swift */ = {isa = PBXFileReference; lastKnownFileType = sourcecode.swift; path = HomeRouter.swift; sourceTree = "<group>"; };
		E91FF68028C3F28A005981A4 /* HomeInteractor.swift */ = {isa = PBXFileReference; lastKnownFileType = sourcecode.swift; path = HomeInteractor.swift; sourceTree = "<group>"; };
		E91FF68228C3F29F005981A4 /* HomeProtocol.swift */ = {isa = PBXFileReference; lastKnownFileType = sourcecode.swift; path = HomeProtocol.swift; sourceTree = "<group>"; };
		E91FF68428C3F2AB005981A4 /* HomePresenter.swift */ = {isa = PBXFileReference; lastKnownFileType = sourcecode.swift; path = HomePresenter.swift; sourceTree = "<group>"; };
		E91FF69228C3F331005981A4 /* BaseInteractorToPresenterProtocol.swift */ = {isa = PBXFileReference; fileEncoding = 4; lastKnownFileType = sourcecode.swift; path = BaseInteractorToPresenterProtocol.swift; sourceTree = "<group>"; };
		E91FF69328C3F331005981A4 /* BasePresenter.swift */ = {isa = PBXFileReference; fileEncoding = 4; lastKnownFileType = sourcecode.swift; path = BasePresenter.swift; sourceTree = "<group>"; };
		E91FF69428C3F331005981A4 /* BaseRouter.swift */ = {isa = PBXFileReference; fileEncoding = 4; lastKnownFileType = sourcecode.swift; path = BaseRouter.swift; sourceTree = "<group>"; };
		E91FF69528C3F331005981A4 /* BaseInteractorProtocol.swift */ = {isa = PBXFileReference; fileEncoding = 4; lastKnownFileType = sourcecode.swift; path = BaseInteractorProtocol.swift; sourceTree = "<group>"; };
		E91FF69628C3F331005981A4 /* BaseViewProtocol.swift */ = {isa = PBXFileReference; fileEncoding = 4; lastKnownFileType = sourcecode.swift; path = BaseViewProtocol.swift; sourceTree = "<group>"; };
		E91FF69E28C40202005981A4 /* HomeTableViewCell.swift */ = {isa = PBXFileReference; lastKnownFileType = sourcecode.swift; path = HomeTableViewCell.swift; sourceTree = "<group>"; };
		E91FF69F28C40202005981A4 /* HomeTableViewCell.xib */ = {isa = PBXFileReference; lastKnownFileType = file.xib; path = HomeTableViewCell.xib; sourceTree = "<group>"; };
		E91FF6A328C4065B005981A4 /* NetworkHandler.swift */ = {isa = PBXFileReference; lastKnownFileType = sourcecode.swift; path = NetworkHandler.swift; sourceTree = "<group>"; };
		E91FF6A628C40CA9005981A4 /* ContactList.swift */ = {isa = PBXFileReference; lastKnownFileType = sourcecode.swift; path = ContactList.swift; sourceTree = "<group>"; };
		E91FF6A828C40FDE005981A4 /* CoreDatahandler.swift */ = {isa = PBXFileReference; lastKnownFileType = sourcecode.swift; path = CoreDatahandler.swift; sourceTree = "<group>"; };
		E91FF6AB28C41548005981A4 /* Constants.swift */ = {isa = PBXFileReference; lastKnownFileType = sourcecode.swift; path = Constants.swift; sourceTree = "<group>"; };
		E91FF6B528C4201A005981A4 /* DetailViewController.swift */ = {isa = PBXFileReference; lastKnownFileType = sourcecode.swift; path = DetailViewController.swift; sourceTree = "<group>"; };
		E91FF6B628C4201A005981A4 /* DetailViewController.xib */ = {isa = PBXFileReference; lastKnownFileType = file.xib; path = DetailViewController.xib; sourceTree = "<group>"; };
		E91FF6B928C42031005981A4 /* DetailViewRouter.swift */ = {isa = PBXFileReference; lastKnownFileType = sourcecode.swift; path = DetailViewRouter.swift; sourceTree = "<group>"; };
		E91FF6BB28C42047005981A4 /* DetailViewPresenter.swift */ = {isa = PBXFileReference; lastKnownFileType = sourcecode.swift; path = DetailViewPresenter.swift; sourceTree = "<group>"; };
		E91FF6BD28C4205A005981A4 /* DetailViewInteractor.swift */ = {isa = PBXFileReference; lastKnownFileType = sourcecode.swift; path = DetailViewInteractor.swift; sourceTree = "<group>"; };
		E91FF6C028C42496005981A4 /* DetailProtocol.swift */ = {isa = PBXFileReference; lastKnownFileType = sourcecode.swift; path = DetailProtocol.swift; sourceTree = "<group>"; };
		E91FF6C328C49A20005981A4 /* EditViewInteractor.swift */ = {isa = PBXFileReference; fileEncoding = 4; lastKnownFileType = sourcecode.swift; path = EditViewInteractor.swift; sourceTree = "<group>"; };
		E91FF6C628C49A21005981A4 /* EditProtocol.swift */ = {isa = PBXFileReference; fileEncoding = 4; lastKnownFileType = sourcecode.swift; path = EditProtocol.swift; sourceTree = "<group>"; };
		E91FF6C828C49A21005981A4 /* EditViewPresenter.swift */ = {isa = PBXFileReference; fileEncoding = 4; lastKnownFileType = sourcecode.swift; path = EditViewPresenter.swift; sourceTree = "<group>"; };
		E91FF6CD28C49A21005981A4 /* EditViewRouter.swift */ = {isa = PBXFileReference; fileEncoding = 4; lastKnownFileType = sourcecode.swift; path = EditViewRouter.swift; sourceTree = "<group>"; };
		E91FF6D428C49AA0005981A4 /* EditViewController.swift */ = {isa = PBXFileReference; lastKnownFileType = sourcecode.swift; path = EditViewController.swift; sourceTree = "<group>"; };
		E91FF6D528C49AA0005981A4 /* EditViewController.xib */ = {isa = PBXFileReference; lastKnownFileType = file.xib; path = EditViewController.xib; sourceTree = "<group>"; };
		E91FF6D828C55E2D005981A4 /* EditResponse.swift */ = {isa = PBXFileReference; lastKnownFileType = sourcecode.swift; path = EditResponse.swift; sourceTree = "<group>"; };
		E9A0943428C62C7F00776F3A /* AddResponse.swift */ = {isa = PBXFileReference; fileEncoding = 4; lastKnownFileType = sourcecode.swift; path = AddResponse.swift; sourceTree = "<group>"; };
		E9A0943628C62C7F00776F3A /* AddProtocol.swift */ = {isa = PBXFileReference; fileEncoding = 4; lastKnownFileType = sourcecode.swift; path = AddProtocol.swift; sourceTree = "<group>"; };
		E9A0943828C62C7F00776F3A /* AddViewPresenter.swift */ = {isa = PBXFileReference; fileEncoding = 4; lastKnownFileType = sourcecode.swift; path = AddViewPresenter.swift; sourceTree = "<group>"; };
		E9A0943A28C62C7F00776F3A /* AddViewInteractor.swift */ = {isa = PBXFileReference; fileEncoding = 4; lastKnownFileType = sourcecode.swift; path = AddViewInteractor.swift; sourceTree = "<group>"; };
		E9A0943C28C62C7F00776F3A /* AddViewRouter.swift */ = {isa = PBXFileReference; fileEncoding = 4; lastKnownFileType = sourcecode.swift; path = AddViewRouter.swift; sourceTree = "<group>"; };
		E9A0943E28C62C7F00776F3A /* AddViewController.xib */ = {isa = PBXFileReference; fileEncoding = 4; lastKnownFileType = file.xib; path = AddViewController.xib; sourceTree = "<group>"; };
		E9A0943F28C62C7F00776F3A /* AddViewController.swift */ = {isa = PBXFileReference; fileEncoding = 4; lastKnownFileType = sourcecode.swift; path = AddViewController.swift; sourceTree = "<group>"; };
		E9A0944728C63E4800776F3A /* HomeInteractorTest.swift */ = {isa = PBXFileReference; lastKnownFileType = sourcecode.swift; path = HomeInteractorTest.swift; sourceTree = "<group>"; };
		E9A0944928C642B300776F3A /* DetailInteractorTest.swift */ = {isa = PBXFileReference; lastKnownFileType = sourcecode.swift; path = DetailInteractorTest.swift; sourceTree = "<group>"; };
		E9A0944B28C6447800776F3A /* EditInteractorTest.swift */ = {isa = PBXFileReference; lastKnownFileType = sourcecode.swift; path = EditInteractorTest.swift; sourceTree = "<group>"; };
		E9A094B928C78EEC00776F3A /* AddInteractorTest.swift */ = {isa = PBXFileReference; lastKnownFileType = sourcecode.swift; path = AddInteractorTest.swift; sourceTree = "<group>"; };
		E9EE9DB128C9036E0088B7CE /* MockEditResponse.json */ = {isa = PBXFileReference; fileEncoding = 4; lastKnownFileType = text.json; path = MockEditResponse.json; sourceTree = "<group>"; };
/* End PBXFileReference section */

/* Begin PBXFrameworksBuildPhase section */
		E91FF62528C3F14F005981A4 /* Frameworks */ = {
			isa = PBXFrameworksBuildPhase;
			buildActionMask = 2147483647;
			files = (
				E91FF6AF28C41C0F005981A4 /* SDWebImage in Frameworks */,
				E9A094B828C78DC900776F3A /* PKHUD in Frameworks */,
			);
			runOnlyForDeploymentPostprocessing = 0;
		};
		E91FF63E28C3F153005981A4 /* Frameworks */ = {
			isa = PBXFrameworksBuildPhase;
			buildActionMask = 2147483647;
			files = (
			);
			runOnlyForDeploymentPostprocessing = 0;
		};
		E91FF64828C3F153005981A4 /* Frameworks */ = {
			isa = PBXFrameworksBuildPhase;
			buildActionMask = 2147483647;
			files = (
			);
			runOnlyForDeploymentPostprocessing = 0;
		};
/* End PBXFrameworksBuildPhase section */

/* Begin PBXGroup section */
		E917EB1E28C8E0FA00F39E57 /* MockJson */ = {
			isa = PBXGroup;
			children = (
				E9EE9DB128C9036E0088B7CE /* MockEditResponse.json */,
				E917EB2628C8E55300F39E57 /* Contact_invalid.json */,
				E917EB1F28C8E0FA00F39E57 /* Contact.json */,
			);
			path = MockJson;
			sourceTree = "<group>";
		};
		E917EB2328C8E18200F39E57 /* MockUrlSession */ = {
			isa = PBXGroup;
			children = (
				E917EB2428C8E18B00F39E57 /* NetworkURLSessionMock.swift */,
			);
			path = MockUrlSession;
			sourceTree = "<group>";
		};
		E917EB2828C8E8F000F39E57 /* Helper */ = {
			isa = PBXGroup;
			children = (
				E917EB2928C8E90800F39E57 /* FileHandler.swift */,
			);
			path = Helper;
			sourceTree = "<group>";
		};
		E91FF61F28C3F14F005981A4 = {
			isa = PBXGroup;
			children = (
				E91FF62A28C3F14F005981A4 /* RydeContactApp */,
				E91FF64428C3F153005981A4 /* RydeContactAppTests */,
				E91FF64E28C3F153005981A4 /* RydeContactAppUITests */,
				E91FF62928C3F14F005981A4 /* Products */,
			);
			sourceTree = "<group>";
		};
		E91FF62928C3F14F005981A4 /* Products */ = {
			isa = PBXGroup;
			children = (
				E91FF62828C3F14F005981A4 /* RydeContactApp.app */,
				E91FF64128C3F153005981A4 /* RydeContactAppTests.xctest */,
				E91FF64B28C3F153005981A4 /* RydeContactAppUITests.xctest */,
			);
			name = Products;
			sourceTree = "<group>";
		};
		E91FF62A28C3F14F005981A4 /* RydeContactApp */ = {
			isa = PBXGroup;
			children = (
				E91FF65E28C3F1DF005981A4 /* AppDelegate */,
				E91FF66128C3F1DF005981A4 /* Module */,
				E91FF67128C3F1DF005981A4 /* AppUI */,
				E91FF66D28C3F1DF005981A4 /* Helper */,
				E91FF63C28C3F153005981A4 /* Info.plist */,
			);
			path = RydeContactApp;
			sourceTree = "<group>";
		};
		E91FF64428C3F153005981A4 /* RydeContactAppTests */ = {
			isa = PBXGroup;
			children = (
				E917EB2828C8E8F000F39E57 /* Helper */,
				E917EB2328C8E18200F39E57 /* MockUrlSession */,
				E917EB1E28C8E0FA00F39E57 /* MockJson */,
				E91FF64528C3F153005981A4 /* RydeContactAppTests.swift */,
				E9A0944728C63E4800776F3A /* HomeInteractorTest.swift */,
				E9A0944928C642B300776F3A /* DetailInteractorTest.swift */,
				E9A0944B28C6447800776F3A /* EditInteractorTest.swift */,
				E9A094B928C78EEC00776F3A /* AddInteractorTest.swift */,
				E917EB2128C8E12300F39E57 /* NetworkHandlerTest.swift */,
			);
			path = RydeContactAppTests;
			sourceTree = "<group>";
		};
		E91FF64E28C3F153005981A4 /* RydeContactAppUITests */ = {
			isa = PBXGroup;
			children = (
				E91FF64F28C3F153005981A4 /* RydeContactAppUITests.swift */,
				E91FF65128C3F153005981A4 /* RydeContactAppUITestsLaunchTests.swift */,
			);
			path = RydeContactAppUITests;
			sourceTree = "<group>";
		};
		E91FF65E28C3F1DF005981A4 /* AppDelegate */ = {
			isa = PBXGroup;
			children = (
				E91FF65F28C3F1DF005981A4 /* AppDelegate.swift */,
				E91FF66028C3F1DF005981A4 /* SceneDelegate.swift */,
			);
			path = AppDelegate;
			sourceTree = "<group>";
		};
		E91FF66128C3F1DF005981A4 /* Module */ = {
			isa = PBXGroup;
			children = (
				E91FF69128C3F331005981A4 /* Base */,
				E91FF66228C3F1DF005981A4 /* Home */,
				E91FF66A28C3F1DF005981A4 /* Edit */,
				E91FF66B28C3F1DF005981A4 /* Detail */,
				E91FF66C28C3F1DF005981A4 /* Add */,
			);
			path = Module;
			sourceTree = "<group>";
		};
		E91FF66228C3F1DF005981A4 /* Home */ = {
			isa = PBXGroup;
			children = (
				E91FF66328C3F1DF005981A4 /* Entity */,
				E91FF66428C3F1DF005981A4 /* Presenter */,
				E91FF66528C3F1DF005981A4 /* Protocol */,
				E91FF66628C3F1DF005981A4 /* View */,
				E91FF66828C3F1DF005981A4 /* Interactor */,
				E91FF66928C3F1DF005981A4 /* Router */,
			);
			path = Home;
			sourceTree = "<group>";
		};
		E91FF66328C3F1DF005981A4 /* Entity */ = {
			isa = PBXGroup;
			children = (
				E91FF6A628C40CA9005981A4 /* ContactList.swift */,
			);
			path = Entity;
			sourceTree = "<group>";
		};
		E91FF66428C3F1DF005981A4 /* Presenter */ = {
			isa = PBXGroup;
			children = (
				E91FF68428C3F2AB005981A4 /* HomePresenter.swift */,
			);
			path = Presenter;
			sourceTree = "<group>";
		};
		E91FF66528C3F1DF005981A4 /* Protocol */ = {
			isa = PBXGroup;
			children = (
				E91FF68228C3F29F005981A4 /* HomeProtocol.swift */,
			);
			path = Protocol;
			sourceTree = "<group>";
		};
		E91FF66628C3F1DF005981A4 /* View */ = {
			isa = PBXGroup;
			children = (
				E91FF66728C3F1DF005981A4 /* ViewController.swift */,
				E91FF69E28C40202005981A4 /* HomeTableViewCell.swift */,
				E91FF69F28C40202005981A4 /* HomeTableViewCell.xib */,
			);
			path = View;
			sourceTree = "<group>";
		};
		E91FF66828C3F1DF005981A4 /* Interactor */ = {
			isa = PBXGroup;
			children = (
				E91FF68028C3F28A005981A4 /* HomeInteractor.swift */,
			);
			path = Interactor;
			sourceTree = "<group>";
		};
		E91FF66928C3F1DF005981A4 /* Router */ = {
			isa = PBXGroup;
			children = (
				E91FF67E28C3F279005981A4 /* HomeRouter.swift */,
			);
			path = Router;
			sourceTree = "<group>";
		};
		E91FF66A28C3F1DF005981A4 /* Edit */ = {
			isa = PBXGroup;
			children = (
				E91FF6C428C49A20005981A4 /* Entity */,
				E91FF6C228C49A20005981A4 /* Interactor */,
				E91FF6C728C49A21005981A4 /* Presenter */,
				E91FF6C528C49A21005981A4 /* Protocol */,
				E91FF6CC28C49A21005981A4 /* Router */,
				E91FF6C928C49A21005981A4 /* View */,
			);
			path = Edit;
			sourceTree = "<group>";
		};
		E91FF66B28C3F1DF005981A4 /* Detail */ = {
			isa = PBXGroup;
			children = (
				E91FF6BF28C42088005981A4 /* Protocol */,
				E91FF6B328C41FFF005981A4 /* Entity */,
				E91FF6B228C41FFF005981A4 /* Interactor */,
				E91FF6B428C41FFF005981A4 /* Presenter */,
				E91FF6B028C41FFF005981A4 /* Router */,
				E91FF6B128C41FFF005981A4 /* View */,
			);
			path = Detail;
			sourceTree = "<group>";
		};
		E91FF66C28C3F1DF005981A4 /* Add */ = {
			isa = PBXGroup;
			children = (
				E9A0943328C62C7F00776F3A /* Entity */,
				E9A0943928C62C7F00776F3A /* Interactor */,
				E9A0943728C62C7F00776F3A /* Presenter */,
				E9A0943528C62C7F00776F3A /* Protocol */,
				E9A0943B28C62C7F00776F3A /* Router */,
				E9A0943D28C62C7F00776F3A /* View */,
			);
			path = Add;
			sourceTree = "<group>";
		};
		E91FF66D28C3F1DF005981A4 /* Helper */ = {
			isa = PBXGroup;
			children = (
				E91FF6AA28C41534005981A4 /* Constants */,
				E91FF6A228C4064C005981A4 /* NeworkHandler */,
				E91FF66E28C3F1DF005981A4 /* CoreData */,
			);
			path = Helper;
			sourceTree = "<group>";
		};
		E91FF66E28C3F1DF005981A4 /* CoreData */ = {
			isa = PBXGroup;
			children = (
				E91FF66F28C3F1DF005981A4 /* RydeContactApp.xcdatamodeld */,
				E91FF6A828C40FDE005981A4 /* CoreDatahandler.swift */,
			);
			path = CoreData;
			sourceTree = "<group>";
		};
		E91FF67128C3F1DF005981A4 /* AppUI */ = {
			isa = PBXGroup;
			children = (
				E91FF67228C3F1DF005981A4 /* Assets.xcassets */,
				E91FF67328C3F1DF005981A4 /* LaunchScreen.storyboard */,
				E91FF67528C3F1DF005981A4 /* Main.storyboard */,
			);
			path = AppUI;
			sourceTree = "<group>";
		};
		E91FF69128C3F331005981A4 /* Base */ = {
			isa = PBXGroup;
			children = (
				E91FF69228C3F331005981A4 /* BaseInteractorToPresenterProtocol.swift */,
				E91FF69328C3F331005981A4 /* BasePresenter.swift */,
				E91FF69428C3F331005981A4 /* BaseRouter.swift */,
				E91FF69528C3F331005981A4 /* BaseInteractorProtocol.swift */,
				E91FF69628C3F331005981A4 /* BaseViewProtocol.swift */,
			);
			path = Base;
			sourceTree = "<group>";
		};
		E91FF6A228C4064C005981A4 /* NeworkHandler */ = {
			isa = PBXGroup;
			children = (
				E91FF6A328C4065B005981A4 /* NetworkHandler.swift */,
			);
			path = NeworkHandler;
			sourceTree = "<group>";
		};
		E91FF6AA28C41534005981A4 /* Constants */ = {
			isa = PBXGroup;
			children = (
				E91FF6AB28C41548005981A4 /* Constants.swift */,
			);
			path = Constants;
			sourceTree = "<group>";
		};
		E91FF6B028C41FFF005981A4 /* Router */ = {
			isa = PBXGroup;
			children = (
				E91FF6B928C42031005981A4 /* DetailViewRouter.swift */,
			);
			path = Router;
			sourceTree = "<group>";
		};
		E91FF6B128C41FFF005981A4 /* View */ = {
			isa = PBXGroup;
			children = (
				E91FF6B528C4201A005981A4 /* DetailViewController.swift */,
				E91FF6B628C4201A005981A4 /* DetailViewController.xib */,
			);
			path = View;
			sourceTree = "<group>";
		};
		E91FF6B228C41FFF005981A4 /* Interactor */ = {
			isa = PBXGroup;
			children = (
				E91FF6BD28C4205A005981A4 /* DetailViewInteractor.swift */,
			);
			path = Interactor;
			sourceTree = "<group>";
		};
		E91FF6B328C41FFF005981A4 /* Entity */ = {
			isa = PBXGroup;
			children = (
			);
			path = Entity;
			sourceTree = "<group>";
		};
		E91FF6B428C41FFF005981A4 /* Presenter */ = {
			isa = PBXGroup;
			children = (
				E91FF6BB28C42047005981A4 /* DetailViewPresenter.swift */,
			);
			path = Presenter;
			sourceTree = "<group>";
		};
		E91FF6BF28C42088005981A4 /* Protocol */ = {
			isa = PBXGroup;
			children = (
				E91FF6C028C42496005981A4 /* DetailProtocol.swift */,
			);
			path = Protocol;
			sourceTree = "<group>";
		};
		E91FF6C228C49A20005981A4 /* Interactor */ = {
			isa = PBXGroup;
			children = (
				E91FF6C328C49A20005981A4 /* EditViewInteractor.swift */,
			);
			path = Interactor;
			sourceTree = "<group>";
		};
		E91FF6C428C49A20005981A4 /* Entity */ = {
			isa = PBXGroup;
			children = (
				E91FF6D828C55E2D005981A4 /* EditResponse.swift */,
			);
			path = Entity;
			sourceTree = "<group>";
		};
		E91FF6C528C49A21005981A4 /* Protocol */ = {
			isa = PBXGroup;
			children = (
				E91FF6C628C49A21005981A4 /* EditProtocol.swift */,
			);
			path = Protocol;
			sourceTree = "<group>";
		};
		E91FF6C728C49A21005981A4 /* Presenter */ = {
			isa = PBXGroup;
			children = (
				E91FF6C828C49A21005981A4 /* EditViewPresenter.swift */,
			);
			path = Presenter;
			sourceTree = "<group>";
		};
		E91FF6C928C49A21005981A4 /* View */ = {
			isa = PBXGroup;
			children = (
				E91FF6D428C49AA0005981A4 /* EditViewController.swift */,
				E91FF6D528C49AA0005981A4 /* EditViewController.xib */,
			);
			path = View;
			sourceTree = "<group>";
		};
		E91FF6CC28C49A21005981A4 /* Router */ = {
			isa = PBXGroup;
			children = (
				E91FF6CD28C49A21005981A4 /* EditViewRouter.swift */,
			);
			path = Router;
			sourceTree = "<group>";
		};
		E9A0943328C62C7F00776F3A /* Entity */ = {
			isa = PBXGroup;
			children = (
				E9A0943428C62C7F00776F3A /* AddResponse.swift */,
			);
			path = Entity;
			sourceTree = "<group>";
		};
		E9A0943528C62C7F00776F3A /* Protocol */ = {
			isa = PBXGroup;
			children = (
				E9A0943628C62C7F00776F3A /* AddProtocol.swift */,
			);
			path = Protocol;
			sourceTree = "<group>";
		};
		E9A0943728C62C7F00776F3A /* Presenter */ = {
			isa = PBXGroup;
			children = (
				E9A0943828C62C7F00776F3A /* AddViewPresenter.swift */,
			);
			path = Presenter;
			sourceTree = "<group>";
		};
		E9A0943928C62C7F00776F3A /* Interactor */ = {
			isa = PBXGroup;
			children = (
				E9A0943A28C62C7F00776F3A /* AddViewInteractor.swift */,
			);
			path = Interactor;
			sourceTree = "<group>";
		};
		E9A0943B28C62C7F00776F3A /* Router */ = {
			isa = PBXGroup;
			children = (
				E9A0943C28C62C7F00776F3A /* AddViewRouter.swift */,
			);
			path = Router;
			sourceTree = "<group>";
		};
		E9A0943D28C62C7F00776F3A /* View */ = {
			isa = PBXGroup;
			children = (
				E9A0943F28C62C7F00776F3A /* AddViewController.swift */,
				E9A0943E28C62C7F00776F3A /* AddViewController.xib */,
			);
			path = View;
			sourceTree = "<group>";
		};
/* End PBXGroup section */

/* Begin PBXNativeTarget section */
		E91FF62728C3F14F005981A4 /* RydeContactApp */ = {
			isa = PBXNativeTarget;
			buildConfigurationList = E91FF65528C3F153005981A4 /* Build configuration list for PBXNativeTarget "RydeContactApp" */;
			buildPhases = (
				E91FF62428C3F14F005981A4 /* Sources */,
				E91FF62528C3F14F005981A4 /* Frameworks */,
				E91FF62628C3F14F005981A4 /* Resources */,
			);
			buildRules = (
			);
			dependencies = (
			);
			name = RydeContactApp;
			packageProductDependencies = (
				E91FF6AE28C41C0F005981A4 /* SDWebImage */,
				E9A094B728C78DC900776F3A /* PKHUD */,
			);
			productName = RydeContactApp;
			productReference = E91FF62828C3F14F005981A4 /* RydeContactApp.app */;
			productType = "com.apple.product-type.application";
		};
		E91FF64028C3F153005981A4 /* RydeContactAppTests */ = {
			isa = PBXNativeTarget;
			buildConfigurationList = E91FF65828C3F153005981A4 /* Build configuration list for PBXNativeTarget "RydeContactAppTests" */;
			buildPhases = (
				E91FF63D28C3F153005981A4 /* Sources */,
				E91FF63E28C3F153005981A4 /* Frameworks */,
				E91FF63F28C3F153005981A4 /* Resources */,
			);
			buildRules = (
			);
			dependencies = (
				E91FF64328C3F153005981A4 /* PBXTargetDependency */,
			);
			name = RydeContactAppTests;
			productName = RydeContactAppTests;
			productReference = E91FF64128C3F153005981A4 /* RydeContactAppTests.xctest */;
			productType = "com.apple.product-type.bundle.unit-test";
		};
		E91FF64A28C3F153005981A4 /* RydeContactAppUITests */ = {
			isa = PBXNativeTarget;
			buildConfigurationList = E91FF65B28C3F153005981A4 /* Build configuration list for PBXNativeTarget "RydeContactAppUITests" */;
			buildPhases = (
				E91FF64728C3F153005981A4 /* Sources */,
				E91FF64828C3F153005981A4 /* Frameworks */,
				E91FF64928C3F153005981A4 /* Resources */,
			);
			buildRules = (
			);
			dependencies = (
				E91FF64D28C3F153005981A4 /* PBXTargetDependency */,
			);
			name = RydeContactAppUITests;
			productName = RydeContactAppUITests;
			productReference = E91FF64B28C3F153005981A4 /* RydeContactAppUITests.xctest */;
			productType = "com.apple.product-type.bundle.ui-testing";
		};
/* End PBXNativeTarget section */

/* Begin PBXProject section */
		E91FF62028C3F14F005981A4 /* Project object */ = {
			isa = PBXProject;
			attributes = {
				BuildIndependentTargetsInParallel = 1;
				LastSwiftUpdateCheck = 1340;
				LastUpgradeCheck = 1340;
				TargetAttributes = {
					E91FF62728C3F14F005981A4 = {
						CreatedOnToolsVersion = 13.4.1;
					};
					E91FF64028C3F153005981A4 = {
						CreatedOnToolsVersion = 13.4.1;
						TestTargetID = E91FF62728C3F14F005981A4;
					};
					E91FF64A28C3F153005981A4 = {
						CreatedOnToolsVersion = 13.4.1;
						TestTargetID = E91FF62728C3F14F005981A4;
					};
				};
			};
			buildConfigurationList = E91FF62328C3F14F005981A4 /* Build configuration list for PBXProject "RydeContactApp" */;
			compatibilityVersion = "Xcode 13.0";
			developmentRegion = en;
			hasScannedForEncodings = 0;
			knownRegions = (
				en,
				Base,
			);
			mainGroup = E91FF61F28C3F14F005981A4;
			packageReferences = (
				E91FF6AD28C41C0F005981A4 /* XCRemoteSwiftPackageReference "SDWebImage" */,
				E9A094B628C78DC900776F3A /* XCRemoteSwiftPackageReference "PKHUD" */,
			);
			productRefGroup = E91FF62928C3F14F005981A4 /* Products */;
			projectDirPath = "";
			projectRoot = "";
			targets = (
				E91FF62728C3F14F005981A4 /* RydeContactApp */,
				E91FF64028C3F153005981A4 /* RydeContactAppTests */,
				E91FF64A28C3F153005981A4 /* RydeContactAppUITests */,
			);
		};
/* End PBXProject section */

/* Begin PBXResourcesBuildPhase section */
		E91FF62628C3F14F005981A4 /* Resources */ = {
			isa = PBXResourcesBuildPhase;
			buildActionMask = 2147483647;
			files = (
				E91FF6D728C49AA0005981A4 /* EditViewController.xib in Resources */,
				E91FF67D28C3F1DF005981A4 /* Main.storyboard in Resources */,
				E91FF67B28C3F1DF005981A4 /* Assets.xcassets in Resources */,
				E91FF6B828C4201A005981A4 /* DetailViewController.xib in Resources */,
				E91FF6A128C40202005981A4 /* HomeTableViewCell.xib in Resources */,
				E91FF67C28C3F1DF005981A4 /* LaunchScreen.storyboard in Resources */,
				E9A0944528C62C7F00776F3A /* AddViewController.xib in Resources */,
			);
			runOnlyForDeploymentPostprocessing = 0;
		};
		E91FF63F28C3F153005981A4 /* Resources */ = {
			isa = PBXResourcesBuildPhase;
			buildActionMask = 2147483647;
			files = (
				E9EE9DB228C9036E0088B7CE /* MockEditResponse.json in Resources */,
				E917EB2728C8E55300F39E57 /* Contact_invalid.json in Resources */,
				E917EB2028C8E0FA00F39E57 /* Contact.json in Resources */,
			);
			runOnlyForDeploymentPostprocessing = 0;
		};
		E91FF64928C3F153005981A4 /* Resources */ = {
			isa = PBXResourcesBuildPhase;
			buildActionMask = 2147483647;
			files = (
			);
			runOnlyForDeploymentPostprocessing = 0;
		};
/* End PBXResourcesBuildPhase section */

/* Begin PBXSourcesBuildPhase section */
		E91FF62428C3F14F005981A4 /* Sources */ = {
			isa = PBXSourcesBuildPhase;
			buildActionMask = 2147483647;
			files = (
				E91FF68328C3F29F005981A4 /* HomeProtocol.swift in Sources */,
				E91FF69828C3F331005981A4 /* BasePresenter.swift in Sources */,
				E91FF6A028C40202005981A4 /* HomeTableViewCell.swift in Sources */,
				E91FF67A28C3F1DF005981A4 /* RydeContactApp.xcdatamodeld in Sources */,
				E91FF6A728C40CAA005981A4 /* ContactList.swift in Sources */,
				E91FF67928C3F1DF005981A4 /* ViewController.swift in Sources */,
				E91FF6CE28C49A21005981A4 /* EditViewInteractor.swift in Sources */,
				E91FF69B28C3F331005981A4 /* BaseViewProtocol.swift in Sources */,
				E9A0944028C62C7F00776F3A /* AddResponse.swift in Sources */,
				E91FF6D328C49A21005981A4 /* EditViewRouter.swift in Sources */,
				E91FF67728C3F1DF005981A4 /* AppDelegate.swift in Sources */,
				E9A0944428C62C7F00776F3A /* AddViewRouter.swift in Sources */,
				E9A0944228C62C7F00776F3A /* AddViewPresenter.swift in Sources */,
				E91FF68128C3F28A005981A4 /* HomeInteractor.swift in Sources */,
				E91FF6A428C4065B005981A4 /* NetworkHandler.swift in Sources */,
				E91FF6B728C4201A005981A4 /* DetailViewController.swift in Sources */,
				E9A0944328C62C7F00776F3A /* AddViewInteractor.swift in Sources */,
				E91FF6C128C42496005981A4 /* DetailProtocol.swift in Sources */,
				E91FF69728C3F331005981A4 /* BaseInteractorToPresenterProtocol.swift in Sources */,
				E91FF6D028C49A21005981A4 /* EditViewPresenter.swift in Sources */,
				E9A0944628C62C7F00776F3A /* AddViewController.swift in Sources */,
				E91FF69A28C3F331005981A4 /* BaseInteractorProtocol.swift in Sources */,
				E9A0944128C62C7F00776F3A /* AddProtocol.swift in Sources */,
				E91FF6BC28C42047005981A4 /* DetailViewPresenter.swift in Sources */,
				E91FF69928C3F331005981A4 /* BaseRouter.swift in Sources */,
				E91FF67828C3F1DF005981A4 /* SceneDelegate.swift in Sources */,
				E91FF6D628C49AA0005981A4 /* EditViewController.swift in Sources */,
				E91FF6BE28C4205B005981A4 /* DetailViewInteractor.swift in Sources */,
				E91FF6A928C40FDE005981A4 /* CoreDatahandler.swift in Sources */,
				E91FF6BA28C42031005981A4 /* DetailViewRouter.swift in Sources */,
				E91FF6CF28C49A21005981A4 /* EditProtocol.swift in Sources */,
				E91FF67F28C3F279005981A4 /* HomeRouter.swift in Sources */,
				E91FF68528C3F2AB005981A4 /* HomePresenter.swift in Sources */,
				E91FF6D928C55E2E005981A4 /* EditResponse.swift in Sources */,
				E91FF6AC28C41548005981A4 /* Constants.swift in Sources */,
			);
			runOnlyForDeploymentPostprocessing = 0;
		};
		E91FF63D28C3F153005981A4 /* Sources */ = {
			isa = PBXSourcesBuildPhase;
			buildActionMask = 2147483647;
			files = (
				E9A0944C28C6447800776F3A /* EditInteractorTest.swift in Sources */,
				E917EB2228C8E12300F39E57 /* NetworkHandlerTest.swift in Sources */,
				E917EB2A28C8E90800F39E57 /* FileHandler.swift in Sources */,
				E9A0944A28C642B300776F3A /* DetailInteractorTest.swift in Sources */,
				E9A094BA28C78EEC00776F3A /* AddInteractorTest.swift in Sources */,
				E91FF64628C3F153005981A4 /* RydeContactAppTests.swift in Sources */,
				E917EB2528C8E18B00F39E57 /* NetworkURLSessionMock.swift in Sources */,
				E9A0944828C63E4800776F3A /* HomeInteractorTest.swift in Sources */,
			);
			runOnlyForDeploymentPostprocessing = 0;
		};
		E91FF64728C3F153005981A4 /* Sources */ = {
			isa = PBXSourcesBuildPhase;
			buildActionMask = 2147483647;
			files = (
				E91FF65028C3F153005981A4 /* RydeContactAppUITests.swift in Sources */,
				E91FF65228C3F153005981A4 /* RydeContactAppUITestsLaunchTests.swift in Sources */,
			);
			runOnlyForDeploymentPostprocessing = 0;
		};
/* End PBXSourcesBuildPhase section */

/* Begin PBXTargetDependency section */
		E91FF64328C3F153005981A4 /* PBXTargetDependency */ = {
			isa = PBXTargetDependency;
			target = E91FF62728C3F14F005981A4 /* RydeContactApp */;
			targetProxy = E91FF64228C3F153005981A4 /* PBXContainerItemProxy */;
		};
		E91FF64D28C3F153005981A4 /* PBXTargetDependency */ = {
			isa = PBXTargetDependency;
			target = E91FF62728C3F14F005981A4 /* RydeContactApp */;
			targetProxy = E91FF64C28C3F153005981A4 /* PBXContainerItemProxy */;
		};
/* End PBXTargetDependency section */

/* Begin PBXVariantGroup section */
		E91FF67328C3F1DF005981A4 /* LaunchScreen.storyboard */ = {
			isa = PBXVariantGroup;
			children = (
				E91FF67428C3F1DF005981A4 /* Base */,
			);
			name = LaunchScreen.storyboard;
			sourceTree = "<group>";
		};
		E91FF67528C3F1DF005981A4 /* Main.storyboard */ = {
			isa = PBXVariantGroup;
			children = (
				E91FF67628C3F1DF005981A4 /* Base */,
			);
			name = Main.storyboard;
			sourceTree = "<group>";
		};
/* End PBXVariantGroup section */

/* Begin XCBuildConfiguration section */
		E91FF65328C3F153005981A4 /* Debug */ = {
			isa = XCBuildConfiguration;
			buildSettings = {
				ALWAYS_SEARCH_USER_PATHS = NO;
				CLANG_ANALYZER_NONNULL = YES;
				CLANG_ANALYZER_NUMBER_OBJECT_CONVERSION = YES_AGGRESSIVE;
				CLANG_CXX_LANGUAGE_STANDARD = "gnu++17";
				CLANG_ENABLE_MODULES = YES;
				CLANG_ENABLE_OBJC_ARC = YES;
				CLANG_ENABLE_OBJC_WEAK = YES;
				CLANG_WARN_BLOCK_CAPTURE_AUTORELEASING = YES;
				CLANG_WARN_BOOL_CONVERSION = YES;
				CLANG_WARN_COMMA = YES;
				CLANG_WARN_CONSTANT_CONVERSION = YES;
				CLANG_WARN_DEPRECATED_OBJC_IMPLEMENTATIONS = YES;
				CLANG_WARN_DIRECT_OBJC_ISA_USAGE = YES_ERROR;
				CLANG_WARN_DOCUMENTATION_COMMENTS = YES;
				CLANG_WARN_EMPTY_BODY = YES;
				CLANG_WARN_ENUM_CONVERSION = YES;
				CLANG_WARN_INFINITE_RECURSION = YES;
				CLANG_WARN_INT_CONVERSION = YES;
				CLANG_WARN_NON_LITERAL_NULL_CONVERSION = YES;
				CLANG_WARN_OBJC_IMPLICIT_RETAIN_SELF = YES;
				CLANG_WARN_OBJC_LITERAL_CONVERSION = YES;
				CLANG_WARN_OBJC_ROOT_CLASS = YES_ERROR;
				CLANG_WARN_QUOTED_INCLUDE_IN_FRAMEWORK_HEADER = YES;
				CLANG_WARN_RANGE_LOOP_ANALYSIS = YES;
				CLANG_WARN_STRICT_PROTOTYPES = YES;
				CLANG_WARN_SUSPICIOUS_MOVE = YES;
				CLANG_WARN_UNGUARDED_AVAILABILITY = YES_AGGRESSIVE;
				CLANG_WARN_UNREACHABLE_CODE = YES;
				CLANG_WARN__DUPLICATE_METHOD_MATCH = YES;
				COPY_PHASE_STRIP = NO;
				DEBUG_INFORMATION_FORMAT = dwarf;
				ENABLE_STRICT_OBJC_MSGSEND = YES;
				ENABLE_TESTABILITY = YES;
				GCC_C_LANGUAGE_STANDARD = gnu11;
				GCC_DYNAMIC_NO_PIC = NO;
				GCC_NO_COMMON_BLOCKS = YES;
				GCC_OPTIMIZATION_LEVEL = 0;
				GCC_PREPROCESSOR_DEFINITIONS = (
					"DEBUG=1",
					"$(inherited)",
				);
				GCC_WARN_64_TO_32_BIT_CONVERSION = YES;
				GCC_WARN_ABOUT_RETURN_TYPE = YES_ERROR;
				GCC_WARN_UNDECLARED_SELECTOR = YES;
				GCC_WARN_UNINITIALIZED_AUTOS = YES_AGGRESSIVE;
				GCC_WARN_UNUSED_FUNCTION = YES;
				GCC_WARN_UNUSED_VARIABLE = YES;
				IPHONEOS_DEPLOYMENT_TARGET = 15.5;
				MTL_ENABLE_DEBUG_INFO = INCLUDE_SOURCE;
				MTL_FAST_MATH = YES;
				ONLY_ACTIVE_ARCH = YES;
				SDKROOT = iphoneos;
				SWIFT_ACTIVE_COMPILATION_CONDITIONS = DEBUG;
				SWIFT_OPTIMIZATION_LEVEL = "-Onone";
			};
			name = Debug;
		};
		E91FF65428C3F153005981A4 /* Release */ = {
			isa = XCBuildConfiguration;
			buildSettings = {
				ALWAYS_SEARCH_USER_PATHS = NO;
				CLANG_ANALYZER_NONNULL = YES;
				CLANG_ANALYZER_NUMBER_OBJECT_CONVERSION = YES_AGGRESSIVE;
				CLANG_CXX_LANGUAGE_STANDARD = "gnu++17";
				CLANG_ENABLE_MODULES = YES;
				CLANG_ENABLE_OBJC_ARC = YES;
				CLANG_ENABLE_OBJC_WEAK = YES;
				CLANG_WARN_BLOCK_CAPTURE_AUTORELEASING = YES;
				CLANG_WARN_BOOL_CONVERSION = YES;
				CLANG_WARN_COMMA = YES;
				CLANG_WARN_CONSTANT_CONVERSION = YES;
				CLANG_WARN_DEPRECATED_OBJC_IMPLEMENTATIONS = YES;
				CLANG_WARN_DIRECT_OBJC_ISA_USAGE = YES_ERROR;
				CLANG_WARN_DOCUMENTATION_COMMENTS = YES;
				CLANG_WARN_EMPTY_BODY = YES;
				CLANG_WARN_ENUM_CONVERSION = YES;
				CLANG_WARN_INFINITE_RECURSION = YES;
				CLANG_WARN_INT_CONVERSION = YES;
				CLANG_WARN_NON_LITERAL_NULL_CONVERSION = YES;
				CLANG_WARN_OBJC_IMPLICIT_RETAIN_SELF = YES;
				CLANG_WARN_OBJC_LITERAL_CONVERSION = YES;
				CLANG_WARN_OBJC_ROOT_CLASS = YES_ERROR;
				CLANG_WARN_QUOTED_INCLUDE_IN_FRAMEWORK_HEADER = YES;
				CLANG_WARN_RANGE_LOOP_ANALYSIS = YES;
				CLANG_WARN_STRICT_PROTOTYPES = YES;
				CLANG_WARN_SUSPICIOUS_MOVE = YES;
				CLANG_WARN_UNGUARDED_AVAILABILITY = YES_AGGRESSIVE;
				CLANG_WARN_UNREACHABLE_CODE = YES;
				CLANG_WARN__DUPLICATE_METHOD_MATCH = YES;
				COPY_PHASE_STRIP = NO;
				DEBUG_INFORMATION_FORMAT = "dwarf-with-dsym";
				ENABLE_NS_ASSERTIONS = NO;
				ENABLE_STRICT_OBJC_MSGSEND = YES;
				GCC_C_LANGUAGE_STANDARD = gnu11;
				GCC_NO_COMMON_BLOCKS = YES;
				GCC_WARN_64_TO_32_BIT_CONVERSION = YES;
				GCC_WARN_ABOUT_RETURN_TYPE = YES_ERROR;
				GCC_WARN_UNDECLARED_SELECTOR = YES;
				GCC_WARN_UNINITIALIZED_AUTOS = YES_AGGRESSIVE;
				GCC_WARN_UNUSED_FUNCTION = YES;
				GCC_WARN_UNUSED_VARIABLE = YES;
				IPHONEOS_DEPLOYMENT_TARGET = 15.5;
				MTL_ENABLE_DEBUG_INFO = NO;
				MTL_FAST_MATH = YES;
				SDKROOT = iphoneos;
				SWIFT_COMPILATION_MODE = wholemodule;
				SWIFT_OPTIMIZATION_LEVEL = "-O";
				VALIDATE_PRODUCT = YES;
			};
			name = Release;
		};
		E91FF65628C3F153005981A4 /* Debug */ = {
			isa = XCBuildConfiguration;
			buildSettings = {
				ASSETCATALOG_COMPILER_APPICON_NAME = AppIcon;
				ASSETCATALOG_COMPILER_GLOBAL_ACCENT_COLOR_NAME = AccentColor;
				CODE_SIGN_STYLE = Automatic;
				CURRENT_PROJECT_VERSION = 1;
				DEVELOPMENT_TEAM = 6C4569BGYW;
				GENERATE_INFOPLIST_FILE = YES;
				INFOPLIST_FILE = RydeContactApp/Info.plist;
				INFOPLIST_KEY_UIApplicationSupportsIndirectInputEvents = YES;
				INFOPLIST_KEY_UILaunchStoryboardName = LaunchScreen;
				INFOPLIST_KEY_UIMainStoryboardFile = Main;
				INFOPLIST_KEY_UISupportedInterfaceOrientations_iPad = "UIInterfaceOrientationPortrait UIInterfaceOrientationPortraitUpsideDown UIInterfaceOrientationLandscapeLeft UIInterfaceOrientationLandscapeRight";
				INFOPLIST_KEY_UISupportedInterfaceOrientations_iPhone = "UIInterfaceOrientationPortrait UIInterfaceOrientationLandscapeLeft UIInterfaceOrientationLandscapeRight";
				LD_RUNPATH_SEARCH_PATHS = (
					"$(inherited)",
					"@executable_path/Frameworks",
				);
				MARKETING_VERSION = 1.0;
				PRODUCT_BUNDLE_IDENTIFIER = Vk.RydeContactApp;
				PRODUCT_NAME = "$(TARGET_NAME)";
				SWIFT_EMIT_LOC_STRINGS = YES;
				SWIFT_VERSION = 5.0;
				TARGETED_DEVICE_FAMILY = "1,2";
			};
			name = Debug;
		};
		E91FF65728C3F153005981A4 /* Release */ = {
			isa = XCBuildConfiguration;
			buildSettings = {
				ASSETCATALOG_COMPILER_APPICON_NAME = AppIcon;
				ASSETCATALOG_COMPILER_GLOBAL_ACCENT_COLOR_NAME = AccentColor;
				CODE_SIGN_STYLE = Automatic;
				CURRENT_PROJECT_VERSION = 1;
				DEVELOPMENT_TEAM = 6C4569BGYW;
				GENERATE_INFOPLIST_FILE = YES;
				INFOPLIST_FILE = RydeContactApp/Info.plist;
				INFOPLIST_KEY_UIApplicationSupportsIndirectInputEvents = YES;
				INFOPLIST_KEY_UILaunchStoryboardName = LaunchScreen;
				INFOPLIST_KEY_UIMainStoryboardFile = Main;
				INFOPLIST_KEY_UISupportedInterfaceOrientations_iPad = "UIInterfaceOrientationPortrait UIInterfaceOrientationPortraitUpsideDown UIInterfaceOrientationLandscapeLeft UIInterfaceOrientationLandscapeRight";
				INFOPLIST_KEY_UISupportedInterfaceOrientations_iPhone = "UIInterfaceOrientationPortrait UIInterfaceOrientationLandscapeLeft UIInterfaceOrientationLandscapeRight";
				LD_RUNPATH_SEARCH_PATHS = (
					"$(inherited)",
					"@executable_path/Frameworks",
				);
				MARKETING_VERSION = 1.0;
				PRODUCT_BUNDLE_IDENTIFIER = Vk.RydeContactApp;
				PRODUCT_NAME = "$(TARGET_NAME)";
				SWIFT_EMIT_LOC_STRINGS = YES;
				SWIFT_VERSION = 5.0;
				TARGETED_DEVICE_FAMILY = "1,2";
			};
			name = Release;
		};
		E91FF65928C3F153005981A4 /* Debug */ = {
			isa = XCBuildConfiguration;
			buildSettings = {
				ALWAYS_EMBED_SWIFT_STANDARD_LIBRARIES = YES;
				BUNDLE_LOADER = "$(TEST_HOST)";
				CODE_SIGN_STYLE = Automatic;
				CURRENT_PROJECT_VERSION = 1;
				DEVELOPMENT_TEAM = 6C4569BGYW;
				GENERATE_INFOPLIST_FILE = YES;
				IPHONEOS_DEPLOYMENT_TARGET = 15.5;
				MARKETING_VERSION = 1.0;
				PRODUCT_BUNDLE_IDENTIFIER = Vk.RydeContactAppTests;
				PRODUCT_NAME = "$(TARGET_NAME)";
				SWIFT_EMIT_LOC_STRINGS = NO;
				SWIFT_VERSION = 5.0;
				TARGETED_DEVICE_FAMILY = "1,2";
				TEST_HOST = "$(BUILT_PRODUCTS_DIR)/RydeContactApp.app/RydeContactApp";
			};
			name = Debug;
		};
		E91FF65A28C3F153005981A4 /* Release */ = {
			isa = XCBuildConfiguration;
			buildSettings = {
				ALWAYS_EMBED_SWIFT_STANDARD_LIBRARIES = YES;
				BUNDLE_LOADER = "$(TEST_HOST)";
				CODE_SIGN_STYLE = Automatic;
				CURRENT_PROJECT_VERSION = 1;
				DEVELOPMENT_TEAM = 6C4569BGYW;
				GENERATE_INFOPLIST_FILE = YES;
				IPHONEOS_DEPLOYMENT_TARGET = 15.5;
				MARKETING_VERSION = 1.0;
				PRODUCT_BUNDLE_IDENTIFIER = Vk.RydeContactAppTests;
				PRODUCT_NAME = "$(TARGET_NAME)";
				SWIFT_EMIT_LOC_STRINGS = NO;
				SWIFT_VERSION = 5.0;
				TARGETED_DEVICE_FAMILY = "1,2";
				TEST_HOST = "$(BUILT_PRODUCTS_DIR)/RydeContactApp.app/RydeContactApp";
			};
			name = Release;
		};
		E91FF65C28C3F153005981A4 /* Debug */ = {
			isa = XCBuildConfiguration;
			buildSettings = {
				ALWAYS_EMBED_SWIFT_STANDARD_LIBRARIES = YES;
				CODE_SIGN_STYLE = Automatic;
				CURRENT_PROJECT_VERSION = 1;
				DEVELOPMENT_TEAM = 6C4569BGYW;
				GENERATE_INFOPLIST_FILE = YES;
				MARKETING_VERSION = 1.0;
				PRODUCT_BUNDLE_IDENTIFIER = Vk.RydeContactAppUITests;
				PRODUCT_NAME = "$(TARGET_NAME)";
				SWIFT_EMIT_LOC_STRINGS = NO;
				SWIFT_VERSION = 5.0;
				TARGETED_DEVICE_FAMILY = "1,2";
				TEST_TARGET_NAME = RydeContactApp;
			};
			name = Debug;
		};
		E91FF65D28C3F153005981A4 /* Release */ = {
			isa = XCBuildConfiguration;
			buildSettings = {
				ALWAYS_EMBED_SWIFT_STANDARD_LIBRARIES = YES;
				CODE_SIGN_STYLE = Automatic;
				CURRENT_PROJECT_VERSION = 1;
				DEVELOPMENT_TEAM = 6C4569BGYW;
				GENERATE_INFOPLIST_FILE = YES;
				MARKETING_VERSION = 1.0;
				PRODUCT_BUNDLE_IDENTIFIER = Vk.RydeContactAppUITests;
				PRODUCT_NAME = "$(TARGET_NAME)";
				SWIFT_EMIT_LOC_STRINGS = NO;
				SWIFT_VERSION = 5.0;
				TARGETED_DEVICE_FAMILY = "1,2";
				TEST_TARGET_NAME = RydeContactApp;
			};
			name = Release;
		};
/* End XCBuildConfiguration section */

/* Begin XCConfigurationList section */
		E91FF62328C3F14F005981A4 /* Build configuration list for PBXProject "RydeContactApp" */ = {
			isa = XCConfigurationList;
			buildConfigurations = (
				E91FF65328C3F153005981A4 /* Debug */,
				E91FF65428C3F153005981A4 /* Release */,
			);
			defaultConfigurationIsVisible = 0;
			defaultConfigurationName = Release;
		};
		E91FF65528C3F153005981A4 /* Build configuration list for PBXNativeTarget "RydeContactApp" */ = {
			isa = XCConfigurationList;
			buildConfigurations = (
				E91FF65628C3F153005981A4 /* Debug */,
				E91FF65728C3F153005981A4 /* Release */,
			);
			defaultConfigurationIsVisible = 0;
			defaultConfigurationName = Release;
		};
		E91FF65828C3F153005981A4 /* Build configuration list for PBXNativeTarget "RydeContactAppTests" */ = {
			isa = XCConfigurationList;
			buildConfigurations = (
				E91FF65928C3F153005981A4 /* Debug */,
				E91FF65A28C3F153005981A4 /* Release */,
			);
			defaultConfigurationIsVisible = 0;
			defaultConfigurationName = Release;
		};
		E91FF65B28C3F153005981A4 /* Build configuration list for PBXNativeTarget "RydeContactAppUITests" */ = {
			isa = XCConfigurationList;
			buildConfigurations = (
				E91FF65C28C3F153005981A4 /* Debug */,
				E91FF65D28C3F153005981A4 /* Release */,
			);
			defaultConfigurationIsVisible = 0;
			defaultConfigurationName = Release;
		};
/* End XCConfigurationList section */

/* Begin XCRemoteSwiftPackageReference section */
		E91FF6AD28C41C0F005981A4 /* XCRemoteSwiftPackageReference "SDWebImage" */ = {
			isa = XCRemoteSwiftPackageReference;
			repositoryURL = "https://github.com/SDWebImage/SDWebImage.git";
			requirement = {
				kind = upToNextMajorVersion;
				minimumVersion = 5.0.0;
			};
		};
		E9A094B628C78DC900776F3A /* XCRemoteSwiftPackageReference "PKHUD" */ = {
			isa = XCRemoteSwiftPackageReference;
			repositoryURL = "https://github.com/pkluz/PKHUD.git";
			requirement = {
				kind = upToNextMajorVersion;
				minimumVersion = 5.0.0;
			};
		};
/* End XCRemoteSwiftPackageReference section */

/* Begin XCSwiftPackageProductDependency section */
		E91FF6AE28C41C0F005981A4 /* SDWebImage */ = {
			isa = XCSwiftPackageProductDependency;
			package = E91FF6AD28C41C0F005981A4 /* XCRemoteSwiftPackageReference "SDWebImage" */;
			productName = SDWebImage;
		};
		E9A094B728C78DC900776F3A /* PKHUD */ = {
			isa = XCSwiftPackageProductDependency;
			package = E9A094B628C78DC900776F3A /* XCRemoteSwiftPackageReference "PKHUD" */;
			productName = PKHUD;
		};
/* End XCSwiftPackageProductDependency section */

/* Begin XCVersionGroup section */
		E91FF66F28C3F1DF005981A4 /* RydeContactApp.xcdatamodeld */ = {
			isa = XCVersionGroup;
			children = (
				E91FF67028C3F1DF005981A4 /* RydeContactApp.xcdatamodel */,
			);
			currentVersion = E91FF67028C3F1DF005981A4 /* RydeContactApp.xcdatamodel */;
			path = RydeContactApp.xcdatamodeld;
			sourceTree = "<group>";
			versionGroupType = wrapper.xcdatamodel;
		};
/* End XCVersionGroup section */
	};
	rootObject = E91FF62028C3F14F005981A4 /* Project object */;
}
